
Microsoft Visual Studio Solution File, Format Version 12.00
# Visual Studio Version 17
VisualStudioVersion = 17.8.34330.188
MinimumVisualStudioVersion = 10.0.40219.1
Project("{FAE04EC0-301F-11D3-BF4B-00C04F79EFBC}") = "AracKiralama", "AracKiralama\AracKiralama.csproj", "{1837E25B-FD6B-416C-9BC4-B64A0B8DF220}"
EndProject
Global
	GlobalSection(SolutionConfigurationPlatforms) = preSolution
		Debug|Any CPU = Debug|Any CPU
		Release|Any CPU = Release|Any CPU
	EndGlobalSection
	GlobalSection(ProjectConfigurationPlatforms) = postSolution
		{1837E25B-FD6B-416C-9BC4-B64A0B8DF220}.Debug|Any CPU.ActiveCfg = Debug|Any CPU
		{1837E25B-FD6B-416C-9BC4-B64A0B8DF220}.Debug|Any CPU.Build.0 = Debug|Any CPU
		{1837E25B-FD6B-416C-9BC4-B64A0B8DF220}.Release|Any CPU.ActiveCfg = Release|Any CPU
		{1837E25B-FD6B-416C-9BC4-B64A0B8DF220}.Release|Any CPU.Build.0 = Release|Any CPU
	EndGlobalSection
	GlobalSection(SolutionProperties) = preSolution
		HideSolutionNode = FALSE
	EndGlobalSection
	GlobalSection(ExtensibilityGlobals) = postSolution
		SolutionGuid = {A6C4AC84-3C2B-46A0-BECB-F16E5ED553CE}
	EndGlobalSection
EndGlobal
